# This file was autogenerated by Stack.
# You should not edit this file by hand.
# For more information, please see the documentation at:
#   https://docs.haskellstack.org/en/stable/lock_files

packages:
- completed:
    hackage: hakyll-images-0.4.4@sha256:fc0c726ec324c019265d14ea45ac760752bca42e68630aff11b510812f846f24,2273
    pantry-tree:
      size: 1162
      sha256: cf6daf24215e2271ac819e44f3f06f27cc7811b6be019f33e8895cb5fa39e412
  original:
    hackage: hakyll-images-0.4.4@sha256:fc0c726ec324c019265d14ea45ac760752bca42e68630aff11b510812f846f24,2273
snapshots:
- completed:
    size: 531707
    url: https://raw.githubusercontent.com/commercialhaskell/stackage-snapshots/master/lts/16/5.yaml
    sha256: 9751e25e0af5713a53ddcfcc79564b082c71b1b357fadef0d85672a5b5ba3703
  original: lts-16.5
